
Microsoft Visual Studio Solution File, Format Version 12.00
# Visual Studio Version 16
VisualStudioVersion = 16.0.30104.148
MinimumVisualStudioVersion = 10.0.40219.1
Project("{FAE04EC0-301F-11D3-BF4B-00C04F79EFBC}") = "MatchingPairsGame", "MatchingPairsGame.csproj", "{D8CE1BF9-B0BC-4F60-90DC-7F3CA8C0C40D}"
EndProject
Global
	GlobalSection(SolutionConfigurationPlatforms) = preSolution
		Debug|Any CPU = Debug|Any CPU
		Release|Any CPU = Release|Any CPU
	EndGlobalSection
	GlobalSection(ProjectConfigurationPlatforms) = postSolution
		{D8CE1BF9-B0BC-4F60-90DC-7F3CA8C0C40D}.Debug|Any CPU.ActiveCfg = Debug|Any CPU
		{D8CE1BF9-B0BC-4F60-90DC-7F3CA8C0C40D}.Debug|Any CPU.Build.0 = Debug|Any CPU
		{D8CE1BF9-B0BC-4F60-90DC-7F3CA8C0C40D}.Release|Any CPU.ActiveCfg = Release|Any CPU
		{D8CE1BF9-B0BC-4F60-90DC-7F3CA8C0C40D}.Release|Any CPU.Build.0 = Release|Any CPU
	EndGlobalSection
	GlobalSection(SolutionProperties) = preSolution
		HideSolutionNode = FALSE
	EndGlobalSection
	GlobalSection(ExtensibilityGlobals) = postSolution
		SolutionGuid = {175592A9-F9F1-47F0-86F5-ADDD2CCD99B8}
	EndGlobalSection
EndGlobal
